
Microsoft Visual Studio Solution File, Format Version 12.00
# Visual Studio Version 16
VisualStudioVersion = 16.0.31515.178
MinimumVisualStudioVersion = 10.0.40219.1
Project("{9A19103F-16F7-4668-BE54-9A1E7A4F7556}") = "Azure_AD_Saml_Example", "Azure_AD_Saml_Example.csproj", "{AC2C1BC8-5BC4-4A09-8271-8B0BF0FB7DEC}"
EndProject
Global
	GlobalSection(SolutionConfigurationPlatforms) = preSolution
		Debug|Any CPU = Debug|Any CPU
		Release|Any CPU = Release|Any CPU
	EndGlobalSection
	GlobalSection(ProjectConfigurationPlatforms) = postSolution
		{AC2C1BC8-5BC4-4A09-8271-8B0BF0FB7DEC}.Debug|Any CPU.ActiveCfg = Debug|Any CPU
		{AC2C1BC8-5BC4-4A09-8271-8B0BF0FB7DEC}.Debug|Any CPU.Build.0 = Debug|Any CPU
		{AC2C1BC8-5BC4-4A09-8271-8B0BF0FB7DEC}.Release|Any CPU.ActiveCfg = Release|Any CPU
		{AC2C1BC8-5BC4-4A09-8271-8B0BF0FB7DEC}.Release|Any CPU.Build.0 = Release|Any CPU
	EndGlobalSection
	GlobalSection(SolutionProperties) = preSolution
		HideSolutionNode = FALSE
	EndGlobalSection
	GlobalSection(ExtensibilityGlobals) = postSolution
		SolutionGuid = {868AC676-7D91-42AE-8644-855F1E4E1B80}
	EndGlobalSection
EndGlobal
